
Microsoft Visual Studio Solution File, Format Version 12.00
# Visual Studio Version 17
VisualStudioVersion = 17.3.32519.111
MinimumVisualStudioVersion = 10.0.40219.1
Project("{FAE04EC0-301F-11D3-BF4B-00C04F79EFBC}") = "SpaceCourse", "SpaceCourse\SpaceCourse.csproj", "{C8074B77-7E11-458C-98BC-C5B30E5B8D83}"
EndProject
Global
	GlobalSection(SolutionConfigurationPlatforms) = preSolution
		Debug|Any CPU = Debug|Any CPU
		Release|Any CPU = Release|Any CPU
	EndGlobalSection
	GlobalSection(ProjectConfigurationPlatforms) = postSolution
		{C8074B77-7E11-458C-98BC-C5B30E5B8D83}.Debug|Any CPU.ActiveCfg = Debug|Any CPU
		{C8074B77-7E11-458C-98BC-C5B30E5B8D83}.Debug|Any CPU.Build.0 = Debug|Any CPU
		{C8074B77-7E11-458C-98BC-C5B30E5B8D83}.Release|Any CPU.ActiveCfg = Release|Any CPU
		{C8074B77-7E11-458C-98BC-C5B30E5B8D83}.Release|Any CPU.Build.0 = Release|Any CPU
	EndGlobalSection
	GlobalSection(SolutionProperties) = preSolution
		HideSolutionNode = FALSE
	EndGlobalSection
	GlobalSection(ExtensibilityGlobals) = postSolution
		SolutionGuid = {416E73E2-1C57-4F6A-BFE0-BDE11BDD9373}
	EndGlobalSection
EndGlobal
